
Microsoft Visual Studio Solution File, Format Version 12.00
# Visual Studio 15
VisualStudioVersion = 15.0.28307.572
MinimumVisualStudioVersion = 10.0.40219.1
Project("{9A19103F-16F7-4668-BE54-9A1E7A4F7556}") = "LocalStorage", "LocalStorage.csproj", "{B6EA0C31-052C-4615-98CE-CBD935C59451}"
EndProject
Global
	GlobalSection(SolutionConfigurationPlatforms) = preSolution
		Debug|Any CPU = Debug|Any CPU
		Release|Any CPU = Release|Any CPU
	EndGlobalSection
	GlobalSection(ProjectConfigurationPlatforms) = postSolution
		{B6EA0C31-052C-4615-98CE-CBD935C59451}.Debug|Any CPU.ActiveCfg = Debug|Any CPU
		{B6EA0C31-052C-4615-98CE-CBD935C59451}.Debug|Any CPU.Build.0 = Debug|Any CPU
		{B6EA0C31-052C-4615-98CE-CBD935C59451}.Release|Any CPU.ActiveCfg = Release|Any CPU
		{B6EA0C31-052C-4615-98CE-CBD935C59451}.Release|Any CPU.Build.0 = Release|Any CPU
	EndGlobalSection
	GlobalSection(SolutionProperties) = preSolution
		HideSolutionNode = FALSE
	EndGlobalSection
	GlobalSection(ExtensibilityGlobals) = postSolution
		SolutionGuid = {09AD8076-8DFD-4947-967F-1D6891091DA6}
	EndGlobalSection
EndGlobal
